// !$*UTF8*$!
{
	archiveVersion = 1;
	classes = {
	};
	objectVersion = 46;
	objects = {

/* Begin PBXBuildFile section */
		FBBE3AB51BA291360049F70A /* AppDelegate.swift in Sources */ = {isa = PBXBuildFile; fileRef = FBBE3AB41BA291360049F70A /* AppDelegate.swift */; };
		FBBE3AB71BA291360049F70A /* ViewController.swift in Sources */ = {isa = PBXBuildFile; fileRef = FBBE3AB61BA291360049F70A /* ViewController.swift */; };
		FBBE3ABA1BA291360049F70A /* Main.storyboard in Resources */ = {isa = PBXBuildFile; fileRef = FBBE3AB81BA291360049F70A /* Main.storyboard */; };
		FBBE3ABC1BA291360049F70A /* Images.xcassets in Resources */ = {isa = PBXBuildFile; fileRef = FBBE3ABB1BA291360049F70A /* Images.xcassets */; };
		FBBE3ABF1BA291360049F70A /* LaunchScreen.xib in Resources */ = {isa = PBXBuildFile; fileRef = FBBE3ABD1BA291360049F70A /* LaunchScreen.xib */; };
		FBBE3ACB1BA291360049F70A /* Cat_YearTests.swift in Sources */ = {isa = PBXBuildFile; fileRef = FBBE3ACA1BA291360049F70A /* Cat_YearTests.swift */; };
		FBBE3AD51BA292520049F70A /* Black Widow Image.png in Resources */ = {isa = PBXBuildFile; fileRef = FBBE3AD41BA292520049F70A /* Black Widow Image.png */; };
/* End PBXBuildFile section */

/* Begin PBXContainerItemProxy section */
		FBBE3AC51BA291360049F70A /* PBXContainerItemProxy */ = {
			isa = PBXContainerItemProxy;
			containerPortal = FBBE3AA71BA291360049F70A /* Project object */;
			proxyType = 1;
			remoteGlobalIDString = FBBE3AAE1BA291360049F70A;
			remoteInfo = "Cat Year";
		};
/* End PBXContainerItemProxy section */

/* Begin PBXFileReference section */
		FBBE3AAF1BA291360049F70A /* Cat Year.app */ = {isa = PBXFileReference; explicitFileType = wrapper.application; includeInIndex = 0; path = "Cat Year.app"; sourceTree = BUILT_PRODUCTS_DIR; };
		FBBE3AB31BA291360049F70A /* Info.plist */ = {isa = PBXFileReference; lastKnownFileType = text.plist.xml; path = Info.plist; sourceTree = "<group>"; };
		FBBE3AB41BA291360049F70A /* AppDelegate.swift */ = {isa = PBXFileReference; lastKnownFileType = sourcecode.swift; path = AppDelegate.swift; sourceTree = "<group>"; };
		FBBE3AB61BA291360049F70A /* ViewController.swift */ = {isa = PBXFileReference; lastKnownFileType = sourcecode.swift; path = ViewController.swift; sourceTree = "<group>"; };
		FBBE3AB91BA291360049F70A /* Base */ = {isa = PBXFileReference; lastKnownFileType = file.storyboard; name = Base; path = Base.lproj/Main.storyboard; sourceTree = "<group>"; };
		FBBE3ABB1BA291360049F70A /* Images.xcassets */ = {isa = PBXFileReference; lastKnownFileType = folder.assetcatalog; path = Images.xcassets; sourceTree = "<group>"; };
		FBBE3ABE1BA291360049F70A /* Base */ = {isa = PBXFileReference; lastKnownFileType = file.xib; name = Base; path = Base.lproj/LaunchScreen.xib; sourceTree = "<group>"; };
		FBBE3AC41BA291360049F70A /* Cat YearTests.xctest */ = {isa = PBXFileReference; explicitFileType = wrapper.cfbundle; includeInIndex = 0; path = "Cat YearTests.xctest"; sourceTree = BUILT_PRODUCTS_DIR; };
		FBBE3AC91BA291360049F70A /* Info.plist */ = {isa = PBXFileReference; lastKnownFileType = text.plist.xml; path = Info.plist; sourceTree = "<group>"; };
		FBBE3ACA1BA291360049F70A /* Cat_YearTests.swift */ = {isa = PBXFileReference; lastKnownFileType = sourcecode.swift; path = Cat_YearTests.swift; sourceTree = "<group>"; };
		FBBE3AD41BA292520049F70A /* Black Widow Image.png */ = {isa = PBXFileReference; lastKnownFileType = image.png; path = "Black Widow Image.png"; sourceTree = "<group>"; };
/* End PBXFileReference section */

/* Begin PBXFrameworksBuildPhase section */
		FBBE3AAC1BA291360049F70A /* Frameworks */ = {
			isa = PBXFrameworksBuildPhase;
			buildActionMask = 2147483647;
			files = (
			);
			runOnlyForDeploymentPostprocessing = 0;
		};
		FBBE3AC11BA291360049F70A /* Frameworks */ = {
			isa = PBXFrameworksBuildPhase;
			buildActionMask = 2147483647;
			files = (
			);
			runOnlyForDeploymentPostprocessing = 0;
		};
/* End PBXFrameworksBuildPhase section */

/* Begin PBXGroup section */
		FBBE3AA61BA291360049F70A = {
			isa = PBXGroup;
			children = (
				FBBE3AB11BA291360049F70A /* Cat Year */,
				FBBE3AC71BA291360049F70A /* Cat YearTests */,
				FBBE3AB01BA291360049F70A /* Products */,
			);
			sourceTree = "<group>";
		};
		FBBE3AB01BA291360049F70A /* Products */ = {
			isa = PBXGroup;
			children = (
				FBBE3AAF1BA291360049F70A /* Cat Year.app */,
				FBBE3AC41BA291360049F70A /* Cat YearTests.xctest */,
			);
			name = Products;
			sourceTree = "<group>";
		};
		FBBE3AB11BA291360049F70A /* Cat Year */ = {
			isa = PBXGroup;
			children = (
				FBBE3AB41BA291360049F70A /* AppDelegate.swift */,
				FBBE3AB61BA291360049F70A /* ViewController.swift */,
				FBBE3AD41BA292520049F70A /* Black Widow Image.png */,
				FBBE3AB81BA291360049F70A /* Main.storyboard */,
				FBBE3ABB1BA291360049F70A /* Images.xcassets */,
				FBBE3ABD1BA291360049F70A /* LaunchScreen.xib */,
				FBBE3AB21BA291360049F70A /* Supporting Files */,
			);
			path = "Cat Year";
			sourceTree = "<group>";
		};
		FBBE3AB21BA291360049F70A /* Supporting Files */ = {
			isa = PBXGroup;
			children = (
				FBBE3AB31BA291360049F70A /* Info.plist */,
			);
			name = "Supporting Files";
			sourceTree = "<group>";
		};
		FBBE3AC71BA291360049F70A /* Cat YearTests */ = {
			isa = PBXGroup;
			children = (
				FBBE3ACA1BA291360049F70A /* Cat_YearTests.swift */,
				FBBE3AC81BA291360049F70A /* Supporting Files */,
			);
			path = "Cat YearTests";
			sourceTree = "<group>";
		};
		FBBE3AC81BA291360049F70A /* Supporting Files */ = {
			isa = PBXGroup;
			children = (
				FBBE3AC91BA291360049F70A /* Info.plist */,
			);
			name = "Supporting Files";
			sourceTree = "<group>";
		};
/* End PBXGroup section */

/* Begin PBXNativeTarget section */
		FBBE3AAE1BA291360049F70A /* Cat Year */ = {
			isa = PBXNativeTarget;
			buildConfigurationList = FBBE3ACE1BA291360049F70A /* Build configuration list for PBXNativeTarget "Cat Year" */;
			buildPhases = (
				FBBE3AAB1BA291360049F70A /* Sources */,
				FBBE3AAC1BA291360049F70A /* Frameworks */,
				FBBE3AAD1BA291360049F70A /* Resources */,
			);
			buildRules = (
			);
			dependencies = (
			);
			name = "Cat Year";
			productName = "Cat Year";
			productReference = FBBE3AAF1BA291360049F70A /* Cat Year.app */;
			productType = "com.apple.product-type.application";
		};
		FBBE3AC31BA291360049F70A /* Cat YearTests */ = {
			isa = PBXNativeTarget;
			buildConfigurationList = FBBE3AD11BA291360049F70A /* Build configuration list for PBXNativeTarget "Cat YearTests" */;
			buildPhases = (
				FBBE3AC01BA291360049F70A /* Sources */,
				FBBE3AC11BA291360049F70A /* Frameworks */,
				FBBE3AC21BA291360049F70A /* Resources */,
			);
			buildRules = (
			);
			dependencies = (
				FBBE3AC61BA291360049F70A /* PBXTargetDependency */,
			);
			name = "Cat YearTests";
			productName = "Cat YearTests";
			productReference = FBBE3AC41BA291360049F70A /* Cat YearTests.xctest */;
			productType = "com.apple.product-type.bundle.unit-test";
		};
/* End PBXNativeTarget section */

/* Begin PBXProject section */
		FBBE3AA71BA291360049F70A /* Project object */ = {
			isa = PBXProject;
			attributes = {
				LastSwiftMigration = 0710;
				LastSwiftUpdateCheck = 0710;
				LastUpgradeCheck = 0640;
				ORGANIZATIONNAME = "Xiao Zeng";
				TargetAttributes = {
					FBBE3AAE1BA291360049F70A = {
						CreatedOnToolsVersion = 6.4;
					};
					FBBE3AC31BA291360049F70A = {
						CreatedOnToolsVersion = 6.4;
						TestTargetID = FBBE3AAE1BA291360049F70A;
					};
				};
			};
			buildConfigurationList = FBBE3AAA1BA291360049F70A /* Build configuration list for PBXProject "Cat Year" */;
			compatibilityVersion = "Xcode 3.2";
			developmentRegion = English;
			hasScannedForEncodings = 0;
			knownRegions = (
				en,
				Base,
			);
			mainGroup = FBBE3AA61BA291360049F70A;
			productRefGroup = FBBE3AB01BA291360049F70A /* Products */;
			projectDirPath = "";
			projectRoot = "";
			targets = (
				FBBE3AAE1BA291360049F70A /* Cat Year */,
				FBBE3AC31BA291360049F70A /* Cat YearTests */,
			);
		};
/* End PBXProject section */

/* Begin PBXResourcesBuildPhase section */
		FBBE3AAD1BA291360049F70A /* Resources */ = {
			isa = PBXResourcesBuildPhase;
			buildActionMask = 2147483647;
			files = (
				FBBE3ABA1BA291360049F70A /* Main.storyboard in Resources */,
				FBBE3ABF1BA291360049F70A /* LaunchScreen.xib in Resources */,
				FBBE3AD51BA292520049F70A /* Black Widow Image.png in Resources */,
				FBBE3ABC1BA291360049F70A /* Images.xcassets in Resources */,
			);
			runOnlyForDeploymentPostprocessing = 0;
		};
		FBBE3AC21BA291360049F70A /* Resources */ = {
			isa = PBXResourcesBuildPhase;
			buildActionMask = 2147483647;
			files = (
			);
			runOnlyForDeploymentPostprocessing = 0;
		};
/* End PBXResourcesBuildPhase section */

/* Begin PBXSourcesBuildPhase section */
		FBBE3AAB1BA291360049F70A /* Sources */ = {
			isa = PBXSourcesBuildPhase;
			buildActionMask = 2147483647;
			files = (
				FBBE3AB71BA291360049F70A /* ViewController.swift in Sources */,
				FBBE3AB51BA291360049F70A /* AppDelegate.swift in Sources */,
			);
			runOnlyForDeploymentPostprocessing = 0;
		};
		FBBE3AC01BA291360049F70A /* Sources */ = {
			isa = PBXSourcesBuildPhase;
			buildActionMask = 2147483647;
			files = (
				FBBE3ACB1BA291360049F70A /* Cat_YearTests.swift in Sources */,
			);
			runOnlyForDeploymentPostprocessing = 0;
		};
/* End PBXSourcesBuildPhase section */

/* Begin PBXTargetDependency section */
		FBBE3AC61BA291360049F70A /* PBXTargetDependency */ = {
			isa = PBXTargetDependency;
			target = FBBE3AAE1BA291360049F70A /* Cat Year */;
			targetProxy = FBBE3AC51BA291360049F70A /* PBXContainerItemProxy */;
		};
/* End PBXTargetDependency section */

/* Begin PBXVariantGroup section */
		FBBE3AB81BA291360049F70A /* Main.storyboard */ = {
			isa = PBXVariantGroup;
			children = (
				FBBE3AB91BA291360049F70A /* Base */,
			);
			name = Main.storyboard;
			sourceTree = "<group>";
		};
		FBBE3ABD1BA291360049F70A /* LaunchScreen.xib */ = {
			isa = PBXVariantGroup;
			children = (
				FBBE3ABE1BA291360049F70A /* Base */,
			);
			name = LaunchScreen.xib;
			sourceTree = "<group>";
		};
/* End PBXVariantGroup section */

/* Begin XCBuildConfiguration section */
		FBBE3ACC1BA291360049F70A /* Debug */ = {
			isa = XCBuildConfiguration;
			buildSettings = {
				ALWAYS_SEARCH_USER_PATHS = NO;
				CLANG_CXX_LANGUAGE_STANDARD = "gnu++0x";
				CLANG_CXX_LIBRARY = "libc++";
				CLANG_ENABLE_MODULES = YES;
				CLANG_ENABLE_OBJC_ARC = YES;
				CLANG_WARN_BOOL_CONVERSION = YES;
				CLANG_WARN_CONSTANT_CONVERSION = YES;
				CLANG_WARN_DIRECT_OBJC_ISA_USAGE = YES_ERROR;
				CLANG_WARN_EMPTY_BODY = YES;
				CLANG_WARN_ENUM_CONVERSION = YES;
				CLANG_WARN_INT_CONVERSION = YES;
				CLANG_WARN_OBJC_ROOT_CLASS = YES_ERROR;
				CLANG_WARN_UNREACHABLE_CODE = YES;
				CLANG_WARN__DUPLICATE_METHOD_MATCH = YES;
				"CODE_SIGN_IDENTITY[sdk=iphoneos*]" = "iPhone Developer";
				COPY_PHASE_STRIP = NO;
				DEBUG_INFORMATION_FORMAT = "dwarf-with-dsym";
				ENABLE_STRICT_OBJC_MSGSEND = YES;
				GCC_C_LANGUAGE_STANDARD = gnu99;
				GCC_DYNAMIC_NO_PIC = NO;
				GCC_NO_COMMON_BLOCKS = YES;
				GCC_OPTIMIZATION_LEVEL = 0;
				GCC_PREPROCESSOR_DEFINITIONS = (
					"DEBUG=1",
					"$(inherited)",
				);
				GCC_SYMBOLS_PRIVATE_EXTERN = NO;
				GCC_WARN_64_TO_32_BIT_CONVERSION = YES;
				GCC_WARN_ABOUT_RETURN_TYPE = YES_ERROR;
				GCC_WARN_UNDECLARED_SELECTOR = YES;
				GCC_WARN_UNINITIALIZED_AUTOS = YES_AGGRESSIVE;
				GCC_WARN_UNUSED_FUNCTION = YES;
				GCC_WARN_UNUSED_VARIABLE = YES;
				IPHONEOS_DEPLOYMENT_TARGET = 8.4;
				MTL_ENABLE_DEBUG_INFO = YES;
				ONLY_ACTIVE_ARCH = YES;
				SDKROOT = iphoneos;
				SWIFT_OPTIMIZATION_LEVEL = "-Onone";
			};
			name = Debug;
		};
		FBBE3ACD1BA291360049F70A /* Release */ = {
			isa = XCBuildConfiguration;
			buildSettings = {
				ALWAYS_SEARCH_USER_PATHS = NO;
				CLANG_CXX_LANGUAGE_STANDARD = "gnu++0x";
				CLANG_CXX_LIBRARY = "libc++";
				CLANG_ENABLE_MODULES = YES;
				CLANG_ENABLE_OBJC_ARC = YES;
				CLANG_WARN_BOOL_CONVERSION = YES;
				CLANG_WARN_CONSTANT_CONVERSION = YES;
				CLANG_WARN_DIRECT_OBJC_ISA_USAGE = YES_ERROR;
				CLANG_WARN_EMPTY_BODY = YES;
				CLANG_WARN_ENUM_CONVERSION = YES;
				CLANG_WARN_INT_CONVERSION = YES;
				CLANG_WARN_OBJC_ROOT_CLASS = YES_ERROR;
				CLANG_WARN_UNREACHABLE_CODE = YES;
				CLANG_WARN__DUPLICATE_METHOD_MATCH = YES;
				"CODE_SIGN_IDENTITY[sdk=iphoneos*]" = "iPhone Developer";
				COPY_PHASE_STRIP = NO;
				DEBUG_INFORMATION_FORMAT = "dwarf-with-dsym";
				ENABLE_NS_ASSERTIONS = NO;
				ENABLE_STRICT_OBJC_MSGSEND = YES;
				GCC_C_LANGUAGE_STANDARD = gnu99;
				GCC_NO_COMMON_BLOCKS = YES;
				GCC_WARN_64_TO_32_BIT_CONVERSION = YES;
				GCC_WARN_ABOUT_RETURN_TYPE = YES_ERROR;
				GCC_WARN_UNDECLARED_SELECTOR = YES;
				GCC_WARN_UNINITIALIZED_AUTOS = YES_AGGRESSIVE;
				GCC_WARN_UNUSED_FUNCTION = YES;
				GCC_WARN_UNUSED_VARIABLE = YES;
				IPHONEOS_DEPLOYMENT_TARGET = 8.4;
				MTL_ENABLE_DEBUG_INFO = NO;
				SDKROOT = iphoneos;
				VALIDATE_PRODUCT = YES;
			};
			name = Release;
		};
		FBBE3ACF1BA291360049F70A /* Debug */ = {
			isa = XCBuildConfiguration;
			buildSettings = {
				ASSETCATALOG_COMPILER_APPICON_NAME = AppIcon;
				INFOPLIST_FILE = "Cat Year/Info.plist";
				LD_RUNPATH_SEARCH_PATHS = "$(inherited) @executable_path/Frameworks";
				PRODUCT_NAME = "$(TARGET_NAME)";
			};
			name = Debug;
		};
		FBBE3AD01BA291360049F70A /* Release */ = {
			isa = XCBuildConfiguration;
			buildSettings = {
				ASSETCATALOG_COMPILER_APPICON_NAME = AppIcon;
				INFOPLIST_FILE = "Cat Year/Info.plist";
				LD_RUNPATH_SEARCH_PATHS = "$(inherited) @executable_path/Frameworks";
				PRODUCT_NAME = "$(TARGET_NAME)";
			};
			name = Release;
		};
		FBBE3AD21BA291360049F70A /* Debug */ = {
			isa = XCBuildConfiguration;
			buildSettings = {
				BUNDLE_LOADER = "$(TEST_HOST)";
				FRAMEWORK_SEARCH_PATHS = (
					"$(SDKROOT)/Developer/Library/Frameworks",
					"$(inherited)",
				);
				GCC_PREPROCESSOR_DEFINITIONS = (
					"DEBUG=1",
					"$(inherited)",
				);
				INFOPLIST_FILE = "Cat YearTests/Info.plist";
				LD_RUNPATH_SEARCH_PATHS = "$(inherited) @executable_path/Frameworks @loader_path/Frameworks";
				PRODUCT_NAME = "$(TARGET_NAME)";
				TEST_HOST = "$(BUILT_PRODUCTS_DIR)/Cat Year.app/Cat Year";
			};
			name = Debug;
		};
		FBBE3AD31BA291360049F70A /* Release */ = {
			isa = XCBuildConfiguration;
			buildSettings = {
				BUNDLE_LOADER = "$(TEST_HOST)";
				FRAMEWORK_SEARCH_PATHS = (
					"$(SDKROOT)/Developer/Library/Frameworks",
					"$(inherited)",
				);
				INFOPLIST_FILE = "Cat YearTests/Info.plist";
				LD_RUNPATH_SEARCH_PATHS = "$(inherited) @executable_path/Frameworks @loader_path/Frameworks";
				PRODUCT_NAME = "$(TARGET_NAME)";
				TEST_HOST = "$(BUILT_PRODUCTS_DIR)/Cat Year.app/Cat Year";
			};
			name = Release;
		};
/* End XCBuildConfiguration section */

/* Begin XCConfigurationList section */
		FBBE3AAA1BA291360049F70A /* Build configuration list for PBXProject "Cat Year" */ = {
			isa = XCConfigurationList;
			buildConfigurations = (
				FBBE3ACC1BA291360049F70A /* Debug */,
				FBBE3ACD1BA291360049F70A /* Release */,
			);
			defaultConfigurationIsVisible = 0;
			defaultConfigurationName = Release;
		};
		FBBE3ACE1BA291360049F70A /* Build configuration list for PBXNativeTarget "Cat Year" */ = {
			isa = XCConfigurationList;
			buildConfigurations = (
				FBBE3ACF1BA291360049F70A /* Debug */,
				FBBE3AD01BA291360049F70A /* Release */,
			);
			defaultConfigurationIsVisible = 0;
			defaultConfigurationName = Release;
		};
		FBBE3AD11BA291360049F70A /* Build configuration list for PBXNativeTarget "Cat YearTests" */ = {
			isa = XCConfigurationList;
			buildConfigurations = (
				FBBE3AD21BA291360049F70A /* Debug */,
				FBBE3AD31BA291360049F70A /* Release */,
			);
			defaultConfigurationIsVisible = 0;
			defaultConfigurationName = Release;
		};
/* End XCConfigurationList section */
	};
	rootObject = FBBE3AA71BA291360049F70A /* Project object */;
}
