// !$*UTF8*$!
{
	archiveVersion = 1;
	classes = {
	};
	objectVersion = 46;
	objects = {

/* Begin PBXBuildFile section */
		FBBE3A831BA264DB0049F70A /* AppDelegate.swift in Sources */ = {isa = PBXBuildFile; fileRef = FBBE3A821BA264DB0049F70A /* AppDelegate.swift */; };
		FBBE3A851BA264DB0049F70A /* ViewController.swift in Sources */ = {isa = PBXBuildFile; fileRef = FBBE3A841BA264DB0049F70A /* ViewController.swift */; };
		FBBE3A881BA264DB0049F70A /* Main.storyboard in Resources */ = {isa = PBXBuildFile; fileRef = FBBE3A861BA264DB0049F70A /* Main.storyboard */; };
		FBBE3A8A1BA264DB0049F70A /* Images.xcassets in Resources */ = {isa = PBXBuildFile; fileRef = FBBE3A891BA264DB0049F70A /* Images.xcassets */; };
		FBBE3A8D1BA264DB0049F70A /* LaunchScreen.xib in Resources */ = {isa = PBXBuildFile; fileRef = FBBE3A8B1BA264DB0049F70A /* LaunchScreen.xib */; };
		FBBE3A991BA264DB0049F70A /* Hello_WorldTests.swift in Sources */ = {isa = PBXBuildFile; fileRef = FBBE3A981BA264DB0049F70A /* Hello_WorldTests.swift */; };
		FBBE3AA31BA289C70049F70A /* Iron Man Image.png in Resources */ = {isa = PBXBuildFile; fileRef = FBBE3AA21BA289C70049F70A /* Iron Man Image.png */; };
		FBBE3AA51BA28A150049F70A /* Black Widow Image.png in Resources */ = {isa = PBXBuildFile; fileRef = FBBE3AA41BA28A150049F70A /* Black Widow Image.png */; };
/* End PBXBuildFile section */

/* Begin PBXContainerItemProxy section */
		FBBE3A931BA264DB0049F70A /* PBXContainerItemProxy */ = {
			isa = PBXContainerItemProxy;
			containerPortal = FBBE3A751BA264DB0049F70A /* Project object */;
			proxyType = 1;
			remoteGlobalIDString = FBBE3A7C1BA264DB0049F70A;
			remoteInfo = "Hello World";
		};
/* End PBXContainerItemProxy section */

/* Begin PBXFileReference section */
		FBBE3A7D1BA264DB0049F70A /* Hello World.app */ = {isa = PBXFileReference; explicitFileType = wrapper.application; includeInIndex = 0; path = "Hello World.app"; sourceTree = BUILT_PRODUCTS_DIR; };
		FBBE3A811BA264DB0049F70A /* Info.plist */ = {isa = PBXFileReference; lastKnownFileType = text.plist.xml; path = Info.plist; sourceTree = "<group>"; };
		FBBE3A821BA264DB0049F70A /* AppDelegate.swift */ = {isa = PBXFileReference; lastKnownFileType = sourcecode.swift; path = AppDelegate.swift; sourceTree = "<group>"; };
		FBBE3A841BA264DB0049F70A /* ViewController.swift */ = {isa = PBXFileReference; lastKnownFileType = sourcecode.swift; path = ViewController.swift; sourceTree = "<group>"; };
		FBBE3A871BA264DB0049F70A /* Base */ = {isa = PBXFileReference; lastKnownFileType = file.storyboard; name = Base; path = Base.lproj/Main.storyboard; sourceTree = "<group>"; };
		FBBE3A891BA264DB0049F70A /* Images.xcassets */ = {isa = PBXFileReference; lastKnownFileType = folder.assetcatalog; path = Images.xcassets; sourceTree = "<group>"; };
		FBBE3A8C1BA264DB0049F70A /* Base */ = {isa = PBXFileReference; lastKnownFileType = file.xib; name = Base; path = Base.lproj/LaunchScreen.xib; sourceTree = "<group>"; };
		FBBE3A921BA264DB0049F70A /* Hello WorldTests.xctest */ = {isa = PBXFileReference; explicitFileType = wrapper.cfbundle; includeInIndex = 0; path = "Hello WorldTests.xctest"; sourceTree = BUILT_PRODUCTS_DIR; };
		FBBE3A971BA264DB0049F70A /* Info.plist */ = {isa = PBXFileReference; lastKnownFileType = text.plist.xml; path = Info.plist; sourceTree = "<group>"; };
		FBBE3A981BA264DB0049F70A /* Hello_WorldTests.swift */ = {isa = PBXFileReference; lastKnownFileType = sourcecode.swift; path = Hello_WorldTests.swift; sourceTree = "<group>"; };
		FBBE3AA21BA289C70049F70A /* Iron Man Image.png */ = {isa = PBXFileReference; lastKnownFileType = image.png; path = "Iron Man Image.png"; sourceTree = "<group>"; };
		FBBE3AA41BA28A150049F70A /* Black Widow Image.png */ = {isa = PBXFileReference; lastKnownFileType = image.png; path = "Black Widow Image.png"; sourceTree = "<group>"; };
/* End PBXFileReference section */

/* Begin PBXFrameworksBuildPhase section */
		FBBE3A7A1BA264DB0049F70A /* Frameworks */ = {
			isa = PBXFrameworksBuildPhase;
			buildActionMask = 2147483647;
			files = (
			);
			runOnlyForDeploymentPostprocessing = 0;
		};
		FBBE3A8F1BA264DB0049F70A /* Frameworks */ = {
			isa = PBXFrameworksBuildPhase;
			buildActionMask = 2147483647;
			files = (
			);
			runOnlyForDeploymentPostprocessing = 0;
		};
/* End PBXFrameworksBuildPhase section */

/* Begin PBXGroup section */
		FBBE3A741BA264DB0049F70A = {
			isa = PBXGroup;
			children = (
				FBBE3A7F1BA264DB0049F70A /* Hello World */,
				FBBE3A951BA264DB0049F70A /* Hello WorldTests */,
				FBBE3A7E1BA264DB0049F70A /* Products */,
			);
			sourceTree = "<group>";
		};
		FBBE3A7E1BA264DB0049F70A /* Products */ = {
			isa = PBXGroup;
			children = (
				FBBE3A7D1BA264DB0049F70A /* Hello World.app */,
				FBBE3A921BA264DB0049F70A /* Hello WorldTests.xctest */,
			);
			name = Products;
			sourceTree = "<group>";
		};
		FBBE3A7F1BA264DB0049F70A /* Hello World */ = {
			isa = PBXGroup;
			children = (
				FBBE3A821BA264DB0049F70A /* AppDelegate.swift */,
				FBBE3A841BA264DB0049F70A /* ViewController.swift */,
				FBBE3AA21BA289C70049F70A /* Iron Man Image.png */,
				FBBE3AA41BA28A150049F70A /* Black Widow Image.png */,
				FBBE3A861BA264DB0049F70A /* Main.storyboard */,
				FBBE3A891BA264DB0049F70A /* Images.xcassets */,
				FBBE3A8B1BA264DB0049F70A /* LaunchScreen.xib */,
				FBBE3A801BA264DB0049F70A /* Supporting Files */,
			);
			path = "Hello World";
			sourceTree = "<group>";
		};
		FBBE3A801BA264DB0049F70A /* Supporting Files */ = {
			isa = PBXGroup;
			children = (
				FBBE3A811BA264DB0049F70A /* Info.plist */,
			);
			name = "Supporting Files";
			sourceTree = "<group>";
		};
		FBBE3A951BA264DB0049F70A /* Hello WorldTests */ = {
			isa = PBXGroup;
			children = (
				FBBE3A981BA264DB0049F70A /* Hello_WorldTests.swift */,
				FBBE3A961BA264DB0049F70A /* Supporting Files */,
			);
			path = "Hello WorldTests";
			sourceTree = "<group>";
		};
		FBBE3A961BA264DB0049F70A /* Supporting Files */ = {
			isa = PBXGroup;
			children = (
				FBBE3A971BA264DB0049F70A /* Info.plist */,
			);
			name = "Supporting Files";
			sourceTree = "<group>";
		};
/* End PBXGroup section */

/* Begin PBXNativeTarget section */
		FBBE3A7C1BA264DB0049F70A /* Hello World */ = {
			isa = PBXNativeTarget;
			buildConfigurationList = FBBE3A9C1BA264DB0049F70A /* Build configuration list for PBXNativeTarget "Hello World" */;
			buildPhases = (
				FBBE3A791BA264DB0049F70A /* Sources */,
				FBBE3A7A1BA264DB0049F70A /* Frameworks */,
				FBBE3A7B1BA264DB0049F70A /* Resources */,
			);
			buildRules = (
			);
			dependencies = (
			);
			name = "Hello World";
			productName = "Hello World";
			productReference = FBBE3A7D1BA264DB0049F70A /* Hello World.app */;
			productType = "com.apple.product-type.application";
		};
		FBBE3A911BA264DB0049F70A /* Hello WorldTests */ = {
			isa = PBXNativeTarget;
			buildConfigurationList = FBBE3A9F1BA264DB0049F70A /* Build configuration list for PBXNativeTarget "Hello WorldTests" */;
			buildPhases = (
				FBBE3A8E1BA264DB0049F70A /* Sources */,
				FBBE3A8F1BA264DB0049F70A /* Frameworks */,
				FBBE3A901BA264DB0049F70A /* Resources */,
			);
			buildRules = (
			);
			dependencies = (
				FBBE3A941BA264DB0049F70A /* PBXTargetDependency */,
			);
			name = "Hello WorldTests";
			productName = "Hello WorldTests";
			productReference = FBBE3A921BA264DB0049F70A /* Hello WorldTests.xctest */;
			productType = "com.apple.product-type.bundle.unit-test";
		};
/* End PBXNativeTarget section */

/* Begin PBXProject section */
		FBBE3A751BA264DB0049F70A /* Project object */ = {
			isa = PBXProject;
			attributes = {
				LastUpgradeCheck = 0640;
				ORGANIZATIONNAME = "Xiao Zeng";
				TargetAttributes = {
					FBBE3A7C1BA264DB0049F70A = {
						CreatedOnToolsVersion = 6.4;
					};
					FBBE3A911BA264DB0049F70A = {
						CreatedOnToolsVersion = 6.4;
						TestTargetID = FBBE3A7C1BA264DB0049F70A;
					};
				};
			};
			buildConfigurationList = FBBE3A781BA264DB0049F70A /* Build configuration list for PBXProject "Hello World" */;
			compatibilityVersion = "Xcode 3.2";
			developmentRegion = English;
			hasScannedForEncodings = 0;
			knownRegions = (
				en,
				Base,
			);
			mainGroup = FBBE3A741BA264DB0049F70A;
			productRefGroup = FBBE3A7E1BA264DB0049F70A /* Products */;
			projectDirPath = "";
			projectRoot = "";
			targets = (
				FBBE3A7C1BA264DB0049F70A /* Hello World */,
				FBBE3A911BA264DB0049F70A /* Hello WorldTests */,
			);
		};
/* End PBXProject section */

/* Begin PBXResourcesBuildPhase section */
		FBBE3A7B1BA264DB0049F70A /* Resources */ = {
			isa = PBXResourcesBuildPhase;
			buildActionMask = 2147483647;
			files = (
				FBBE3AA31BA289C70049F70A /* Iron Man Image.png in Resources */,
				FBBE3A881BA264DB0049F70A /* Main.storyboard in Resources */,
				FBBE3AA51BA28A150049F70A /* Black Widow Image.png in Resources */,
				FBBE3A8D1BA264DB0049F70A /* LaunchScreen.xib in Resources */,
				FBBE3A8A1BA264DB0049F70A /* Images.xcassets in Resources */,
			);
			runOnlyForDeploymentPostprocessing = 0;
		};
		FBBE3A901BA264DB0049F70A /* Resources */ = {
			isa = PBXResourcesBuildPhase;
			buildActionMask = 2147483647;
			files = (
			);
			runOnlyForDeploymentPostprocessing = 0;
		};
/* End PBXResourcesBuildPhase section */

/* Begin PBXSourcesBuildPhase section */
		FBBE3A791BA264DB0049F70A /* Sources */ = {
			isa = PBXSourcesBuildPhase;
			buildActionMask = 2147483647;
			files = (
				FBBE3A851BA264DB0049F70A /* ViewController.swift in Sources */,
				FBBE3A831BA264DB0049F70A /* AppDelegate.swift in Sources */,
			);
			runOnlyForDeploymentPostprocessing = 0;
		};
		FBBE3A8E1BA264DB0049F70A /* Sources */ = {
			isa = PBXSourcesBuildPhase;
			buildActionMask = 2147483647;
			files = (
				FBBE3A991BA264DB0049F70A /* Hello_WorldTests.swift in Sources */,
			);
			runOnlyForDeploymentPostprocessing = 0;
		};
/* End PBXSourcesBuildPhase section */

/* Begin PBXTargetDependency section */
		FBBE3A941BA264DB0049F70A /* PBXTargetDependency */ = {
			isa = PBXTargetDependency;
			target = FBBE3A7C1BA264DB0049F70A /* Hello World */;
			targetProxy = FBBE3A931BA264DB0049F70A /* PBXContainerItemProxy */;
		};
/* End PBXTargetDependency section */

/* Begin PBXVariantGroup section */
		FBBE3A861BA264DB0049F70A /* Main.storyboard */ = {
			isa = PBXVariantGroup;
			children = (
				FBBE3A871BA264DB0049F70A /* Base */,
			);
			name = Main.storyboard;
			sourceTree = "<group>";
		};
		FBBE3A8B1BA264DB0049F70A /* LaunchScreen.xib */ = {
			isa = PBXVariantGroup;
			children = (
				FBBE3A8C1BA264DB0049F70A /* Base */,
			);
			name = LaunchScreen.xib;
			sourceTree = "<group>";
		};
/* End PBXVariantGroup section */

/* Begin XCBuildConfiguration section */
		FBBE3A9A1BA264DB0049F70A /* Debug */ = {
			isa = XCBuildConfiguration;
			buildSettings = {
				ALWAYS_SEARCH_USER_PATHS = NO;
				CLANG_CXX_LANGUAGE_STANDARD = "gnu++0x";
				CLANG_CXX_LIBRARY = "libc++";
				CLANG_ENABLE_MODULES = YES;
				CLANG_ENABLE_OBJC_ARC = YES;
				CLANG_WARN_BOOL_CONVERSION = YES;
				CLANG_WARN_CONSTANT_CONVERSION = YES;
				CLANG_WARN_DIRECT_OBJC_ISA_USAGE = YES_ERROR;
				CLANG_WARN_EMPTY_BODY = YES;
				CLANG_WARN_ENUM_CONVERSION = YES;
				CLANG_WARN_INT_CONVERSION = YES;
				CLANG_WARN_OBJC_ROOT_CLASS = YES_ERROR;
				CLANG_WARN_UNREACHABLE_CODE = YES;
				CLANG_WARN__DUPLICATE_METHOD_MATCH = YES;
				"CODE_SIGN_IDENTITY[sdk=iphoneos*]" = "iPhone Developer";
				COPY_PHASE_STRIP = NO;
				DEBUG_INFORMATION_FORMAT = "dwarf-with-dsym";
				ENABLE_STRICT_OBJC_MSGSEND = YES;
				GCC_C_LANGUAGE_STANDARD = gnu99;
				GCC_DYNAMIC_NO_PIC = NO;
				GCC_NO_COMMON_BLOCKS = YES;
				GCC_OPTIMIZATION_LEVEL = 0;
				GCC_PREPROCESSOR_DEFINITIONS = (
					"DEBUG=1",
					"$(inherited)",
				);
				GCC_SYMBOLS_PRIVATE_EXTERN = NO;
				GCC_WARN_64_TO_32_BIT_CONVERSION = YES;
				GCC_WARN_ABOUT_RETURN_TYPE = YES_ERROR;
				GCC_WARN_UNDECLARED_SELECTOR = YES;
				GCC_WARN_UNINITIALIZED_AUTOS = YES_AGGRESSIVE;
				GCC_WARN_UNUSED_FUNCTION = YES;
				GCC_WARN_UNUSED_VARIABLE = YES;
				IPHONEOS_DEPLOYMENT_TARGET = 8.4;
				MTL_ENABLE_DEBUG_INFO = YES;
				ONLY_ACTIVE_ARCH = YES;
				SDKROOT = iphoneos;
				SWIFT_OPTIMIZATION_LEVEL = "-Onone";
			};
			name = Debug;
		};
		FBBE3A9B1BA264DB0049F70A /* Release */ = {
			isa = XCBuildConfiguration;
			buildSettings = {
				ALWAYS_SEARCH_USER_PATHS = NO;
				CLANG_CXX_LANGUAGE_STANDARD = "gnu++0x";
				CLANG_CXX_LIBRARY = "libc++";
				CLANG_ENABLE_MODULES = YES;
				CLANG_ENABLE_OBJC_ARC = YES;
				CLANG_WARN_BOOL_CONVERSION = YES;
				CLANG_WARN_CONSTANT_CONVERSION = YES;
				CLANG_WARN_DIRECT_OBJC_ISA_USAGE = YES_ERROR;
				CLANG_WARN_EMPTY_BODY = YES;
				CLANG_WARN_ENUM_CONVERSION = YES;
				CLANG_WARN_INT_CONVERSION = YES;
				CLANG_WARN_OBJC_ROOT_CLASS = YES_ERROR;
				CLANG_WARN_UNREACHABLE_CODE = YES;
				CLANG_WARN__DUPLICATE_METHOD_MATCH = YES;
				"CODE_SIGN_IDENTITY[sdk=iphoneos*]" = "iPhone Developer";
				COPY_PHASE_STRIP = NO;
				DEBUG_INFORMATION_FORMAT = "dwarf-with-dsym";
				ENABLE_NS_ASSERTIONS = NO;
				ENABLE_STRICT_OBJC_MSGSEND = YES;
				GCC_C_LANGUAGE_STANDARD = gnu99;
				GCC_NO_COMMON_BLOCKS = YES;
				GCC_WARN_64_TO_32_BIT_CONVERSION = YES;
				GCC_WARN_ABOUT_RETURN_TYPE = YES_ERROR;
				GCC_WARN_UNDECLARED_SELECTOR = YES;
				GCC_WARN_UNINITIALIZED_AUTOS = YES_AGGRESSIVE;
				GCC_WARN_UNUSED_FUNCTION = YES;
				GCC_WARN_UNUSED_VARIABLE = YES;
				IPHONEOS_DEPLOYMENT_TARGET = 8.4;
				MTL_ENABLE_DEBUG_INFO = NO;
				SDKROOT = iphoneos;
				VALIDATE_PRODUCT = YES;
			};
			name = Release;
		};
		FBBE3A9D1BA264DB0049F70A /* Debug */ = {
			isa = XCBuildConfiguration;
			buildSettings = {
				ASSETCATALOG_COMPILER_APPICON_NAME = AppIcon;
				INFOPLIST_FILE = "Hello World/Info.plist";
				LD_RUNPATH_SEARCH_PATHS = "$(inherited) @executable_path/Frameworks";
				PRODUCT_NAME = "$(TARGET_NAME)";
			};
			name = Debug;
		};
		FBBE3A9E1BA264DB0049F70A /* Release */ = {
			isa = XCBuildConfiguration;
			buildSettings = {
				ASSETCATALOG_COMPILER_APPICON_NAME = AppIcon;
				INFOPLIST_FILE = "Hello World/Info.plist";
				LD_RUNPATH_SEARCH_PATHS = "$(inherited) @executable_path/Frameworks";
				PRODUCT_NAME = "$(TARGET_NAME)";
			};
			name = Release;
		};
		FBBE3AA01BA264DB0049F70A /* Debug */ = {
			isa = XCBuildConfiguration;
			buildSettings = {
				BUNDLE_LOADER = "$(TEST_HOST)";
				FRAMEWORK_SEARCH_PATHS = (
					"$(SDKROOT)/Developer/Library/Frameworks",
					"$(inherited)",
				);
				GCC_PREPROCESSOR_DEFINITIONS = (
					"DEBUG=1",
					"$(inherited)",
				);
				INFOPLIST_FILE = "Hello WorldTests/Info.plist";
				LD_RUNPATH_SEARCH_PATHS = "$(inherited) @executable_path/Frameworks @loader_path/Frameworks";
				PRODUCT_NAME = "$(TARGET_NAME)";
				TEST_HOST = "$(BUILT_PRODUCTS_DIR)/Hello World.app/Hello World";
			};
			name = Debug;
		};
		FBBE3AA11BA264DB0049F70A /* Release */ = {
			isa = XCBuildConfiguration;
			buildSettings = {
				BUNDLE_LOADER = "$(TEST_HOST)";
				FRAMEWORK_SEARCH_PATHS = (
					"$(SDKROOT)/Developer/Library/Frameworks",
					"$(inherited)",
				);
				INFOPLIST_FILE = "Hello WorldTests/Info.plist";
				LD_RUNPATH_SEARCH_PATHS = "$(inherited) @executable_path/Frameworks @loader_path/Frameworks";
				PRODUCT_NAME = "$(TARGET_NAME)";
				TEST_HOST = "$(BUILT_PRODUCTS_DIR)/Hello World.app/Hello World";
			};
			name = Release;
		};
/* End XCBuildConfiguration section */

/* Begin XCConfigurationList section */
		FBBE3A781BA264DB0049F70A /* Build configuration list for PBXProject "Hello World" */ = {
			isa = XCConfigurationList;
			buildConfigurations = (
				FBBE3A9A1BA264DB0049F70A /* Debug */,
				FBBE3A9B1BA264DB0049F70A /* Release */,
			);
			defaultConfigurationIsVisible = 0;
			defaultConfigurationName = Release;
		};
		FBBE3A9C1BA264DB0049F70A /* Build configuration list for PBXNativeTarget "Hello World" */ = {
			isa = XCConfigurationList;
			buildConfigurations = (
				FBBE3A9D1BA264DB0049F70A /* Debug */,
				FBBE3A9E1BA264DB0049F70A /* Release */,
			);
			defaultConfigurationIsVisible = 0;
		};
		FBBE3A9F1BA264DB0049F70A /* Build configuration list for PBXNativeTarget "Hello WorldTests" */ = {
			isa = XCConfigurationList;
			buildConfigurations = (
				FBBE3AA01BA264DB0049F70A /* Debug */,
				FBBE3AA11BA264DB0049F70A /* Release */,
			);
			defaultConfigurationIsVisible = 0;
		};
/* End XCConfigurationList section */
	};
	rootObject = FBBE3A751BA264DB0049F70A /* Project object */;
}
